
Microsoft Visual Studio Solution File, Format Version 12.00
# Visual Studio Version 16
VisualStudioVersion = 16.0.29926.136
MinimumVisualStudioVersion = 10.0.40219.1
Project("{FAE04EC0-301F-11D3-BF4B-00C04F79EFBC}") = "Library", "Library\Library.csproj", "{443672CD-CC0C-40C3-85A3-95F055B5F5EB}"
EndProject
Project("{FAE04EC0-301F-11D3-BF4B-00C04F79EFBC}") = "LibraryTests", "LibraryTests\LibraryTests.csproj", "{BFE1AB08-CA3F-4C73-A3CA-E23C36B57DA6}"
EndProject
Project("{2150E333-8FDC-42A3-9474-1A3956D46DE8}") = "Solution Items", "Solution Items", "{7CC84977-6679-484B-8A39-7B93B380EECC}"
	ProjectSection(SolutionItems) = preProject
		.editorconfig = .editorconfig
	EndProjectSection
EndProject
Global
	GlobalSection(SolutionConfigurationPlatforms) = preSolution
		Debug|Any CPU = Debug|Any CPU
		Release|Any CPU = Release|Any CPU
	EndGlobalSection
	GlobalSection(ProjectConfigurationPlatforms) = postSolution
		{443672CD-CC0C-40C3-85A3-95F055B5F5EB}.Debug|Any CPU.ActiveCfg = Debug|Any CPU
		{443672CD-CC0C-40C3-85A3-95F055B5F5EB}.Debug|Any CPU.Build.0 = Debug|Any CPU
		{443672CD-CC0C-40C3-85A3-95F055B5F5EB}.Release|Any CPU.ActiveCfg = Release|Any CPU
		{443672CD-CC0C-40C3-85A3-95F055B5F5EB}.Release|Any CPU.Build.0 = Release|Any CPU
		{BFE1AB08-CA3F-4C73-A3CA-E23C36B57DA6}.Debug|Any CPU.ActiveCfg = Debug|Any CPU
		{BFE1AB08-CA3F-4C73-A3CA-E23C36B57DA6}.Debug|Any CPU.Build.0 = Debug|Any CPU
		{BFE1AB08-CA3F-4C73-A3CA-E23C36B57DA6}.Release|Any CPU.ActiveCfg = Release|Any CPU
		{BFE1AB08-CA3F-4C73-A3CA-E23C36B57DA6}.Release|Any CPU.Build.0 = Release|Any CPU
	EndGlobalSection
	GlobalSection(SolutionProperties) = preSolution
		HideSolutionNode = FALSE
	EndGlobalSection
	GlobalSection(ExtensibilityGlobals) = postSolution
		SolutionGuid = {7A75A85A-4FB4-402A-B468-8690F10B8AAA}
	EndGlobalSection
EndGlobal
